
Microsoft Visual Studio Solution File, Format Version 12.00
# Visual Studio Version 17
VisualStudioVersion = 17.2.32616.157
MinimumVisualStudioVersion = 10.0.40219.1
Project("{FAE04EC0-301F-11D3-BF4B-00C04F79EFBC}") = "PesonalPasswordManager", "PesonalPasswordManager\PesonalPasswordManager.csproj", "{A49427F4-809C-409F-9D44-21355F33FA01}"
EndProject
Global
	GlobalSection(SolutionConfigurationPlatforms) = preSolution
		Debug|Any CPU = Debug|Any CPU
		Release|Any CPU = Release|Any CPU
	EndGlobalSection
	GlobalSection(ProjectConfigurationPlatforms) = postSolution
		{A49427F4-809C-409F-9D44-21355F33FA01}.Debug|Any CPU.ActiveCfg = Debug|Any CPU
		{A49427F4-809C-409F-9D44-21355F33FA01}.Debug|Any CPU.Build.0 = Debug|Any CPU
		{A49427F4-809C-409F-9D44-21355F33FA01}.Release|Any CPU.ActiveCfg = Release|Any CPU
		{A49427F4-809C-409F-9D44-21355F33FA01}.Release|Any CPU.Build.0 = Release|Any CPU
	EndGlobalSection
	GlobalSection(SolutionProperties) = preSolution
		HideSolutionNode = FALSE
	EndGlobalSection
	GlobalSection(ExtensibilityGlobals) = postSolution
		SolutionGuid = {1392D42F-4DAA-408D-8E88-325F9C13A887}
	EndGlobalSection
EndGlobal
